
Microsoft Visual Studio Solution File, Format Version 12.00
# Visual Studio 15
VisualStudioVersion = 15.0.26730.10
MinimumVisualStudioVersion = 10.0.40219.1
Project("{FAE04EC0-301F-11D3-BF4B-00C04F79EFBC}") = "Demo", "src\Demo\Demo.csproj", "{15B671EB-5D67-4C2C-855F-EA806C709B0E}"
EndProject
Project("{FAE04EC0-301F-11D3-BF4B-00C04F79EFBC}") = "Demo.Tests", "test\Demo.Tests\Demo.Tests.csproj", "{BAE494F1-EF02-4ED7-A3CD-63C91EEF42F7}"
EndProject
Global
	GlobalSection(SolutionConfigurationPlatforms) = preSolution
		Debug|Any CPU = Debug|Any CPU
		Release|Any CPU = Release|Any CPU
	EndGlobalSection
	GlobalSection(ProjectConfigurationPlatforms) = postSolution
		{15B671EB-5D67-4C2C-855F-EA806C709B0E}.Debug|Any CPU.ActiveCfg = Debug|Any CPU
		{15B671EB-5D67-4C2C-855F-EA806C709B0E}.Debug|Any CPU.Build.0 = Debug|Any CPU
		{15B671EB-5D67-4C2C-855F-EA806C709B0E}.Release|Any CPU.ActiveCfg = Release|Any CPU
		{15B671EB-5D67-4C2C-855F-EA806C709B0E}.Release|Any CPU.Build.0 = Release|Any CPU
		{BAE494F1-EF02-4ED7-A3CD-63C91EEF42F7}.Debug|Any CPU.ActiveCfg = Debug|Any CPU
		{BAE494F1-EF02-4ED7-A3CD-63C91EEF42F7}.Debug|Any CPU.Build.0 = Debug|Any CPU
		{BAE494F1-EF02-4ED7-A3CD-63C91EEF42F7}.Release|Any CPU.ActiveCfg = Release|Any CPU
		{BAE494F1-EF02-4ED7-A3CD-63C91EEF42F7}.Release|Any CPU.Build.0 = Release|Any CPU
	EndGlobalSection
	GlobalSection(SolutionProperties) = preSolution
		HideSolutionNode = FALSE
	EndGlobalSection
	GlobalSection(ExtensibilityGlobals) = postSolution
		SolutionGuid = {0E7399D7-1C53-47D4-A783-C27FA8EA7181}
	EndGlobalSection
EndGlobal
